
Microsoft Visual Studio Solution File, Format Version 12.00
# Visual Studio Version 17
VisualStudioVersion = 17.10.35027.167
MinimumVisualStudioVersion = 10.0.40219.1
Project("{FAE04EC0-301F-11D3-BF4B-00C04F79EFBC}") = "BadUsbDeveloperAndTester", "BadUsbDeveloperAndTester\BadUsbDeveloperAndTester.csproj", "{DD0BFE34-450C-41B2-9579-D90058E3E7FA}"
EndProject
Global
	GlobalSection(SolutionConfigurationPlatforms) = preSolution
		Debug|Any CPU = Debug|Any CPU
		Release|Any CPU = Release|Any CPU
	EndGlobalSection
	GlobalSection(ProjectConfigurationPlatforms) = postSolution
		{DD0BFE34-450C-41B2-9579-D90058E3E7FA}.Debug|Any CPU.ActiveCfg = Debug|Any CPU
		{DD0BFE34-450C-41B2-9579-D90058E3E7FA}.Debug|Any CPU.Build.0 = Debug|Any CPU
		{DD0BFE34-450C-41B2-9579-D90058E3E7FA}.Release|Any CPU.ActiveCfg = Release|Any CPU
		{DD0BFE34-450C-41B2-9579-D90058E3E7FA}.Release|Any CPU.Build.0 = Release|Any CPU
	EndGlobalSection
	GlobalSection(SolutionProperties) = preSolution
		HideSolutionNode = FALSE
	EndGlobalSection
	GlobalSection(ExtensibilityGlobals) = postSolution
		SolutionGuid = {C72D5FBC-059C-43B4-9486-E8A3A16EC077}
	EndGlobalSection
EndGlobal
